{
  "name": "insomnia-plugin-sm3",
  "version": "1.0.0",
  "lockfileVersion": 1,
  "requires": true,
  "dependencies": {
    "gmsm-sm3js": {
      "version": "0.1.7",
      "resolved": "https://registry.npmjs.org/gmsm-sm3js/-/gmsm-sm3js-0.1.7.tgz",
      "integrity": "sha512-RoQkXvZi8cm05GQKUyNHUEhak3yHmz5Oxa/3nV2opK3PwYeFsgp5CNG5R0G32MstRpuyxlvNdHiryQ16BzufsA==",
      "requires": {
        "long": "^5.1.0"
      }
    },
    "long": {
      "version": "5.2.1",
      "resolved": "https://registry.npmjs.org/long/-/long-5.2.1.tgz",
      "integrity": "sha512-GKSNGeNAtw8IryjjkhZxuKB3JzlcLTwjtiQCHKvqQet81I93kXslhDQruGI/QsddO83mcDToBVy7GqGS/zYf/A=="
    },
    "nodemon": {
      "version": "0.1.8",
      "resolved": "https://registry.npmjs.org/nodemon/-/nodemon-0.1.8.tgz",
      "integrity": "sha512-17loVXiFUghPMBu1KGImpkafbwVoV4TeZCSO8QMcah4QbL7aYFzZSjIYJHe3otncDJpVXW0c+rBo9LeDootu/Q==",
      "dev": true
    }
  }
}
