{
  "name": "insomnia-plugin-sm3",
  "version": "1.0.0",
  "lockfileVersion": 1,
  "requires": true,
  "dependencies": {
    "gmsm-sm3js": {
      "version": "0.1.7",
      "resolved": "http://registry.m.jd.com/gmsm-sm3js/download/gmsm-sm3js-0.1.7.tgz",
      "integrity": "sha1-Ss8jyceayprY4/3VS6Ni9GMhqHk=",
      "requires": {
        "long": "^5.1.0"
      }
    },
    "long": {
      "version": "5.2.1",
      "resolved": "http://registry.m.jd.com/long/download/long-5.2.1.tgz",
      "integrity": "sha1-4nWV0Ag9ED0vosIMdpn44MkriX8="
    },
    "nodemon": {
      "version": "0.1.8",
      "resolved": "http://registry.m.jd.com/nodemon/download/nodemon-0.1.8.tgz",
      "integrity": "sha1-8hk+nsrmjnvM0tWYzkedcsnwBEw=",
      "dev": true
    }
  }
}
